// !$*UTF8*$!
{
	archiveVersion = 1;
	classes = {
	};
	objectVersion = 50;
	objects = {

/* Begin PBXBuildFile section */
		237018B42123D1A7003641AA /* AppDelegate.m in Sources */ = {isa = PBXBuildFile; fileRef = 237018B32123D1A7003641AA /* AppDelegate.m */; };
		237018B72123D1A7003641AA /* ViewController.m in Sources */ = {isa = PBXBuildFile; fileRef = 237018B62123D1A7003641AA /* ViewController.m */; };
		237018BA2123D1A7003641AA /* Main.storyboard in Resources */ = {isa = PBXBuildFile; fileRef = 237018B82123D1A7003641AA /* Main.storyboard */; };
		237018BC2123D1AA003641AA /* Assets.xcassets in Resources */ = {isa = PBXBuildFile; fileRef = 237018BB2123D1AA003641AA /* Assets.xcassets */; };
		237018BF2123D1AA003641AA /* LaunchScreen.storyboard in Resources */ = {isa = PBXBuildFile; fileRef = 237018BD2123D1AA003641AA /* LaunchScreen.storyboard */; };
		237018C22123D1AA003641AA /* main.m in Sources */ = {isa = PBXBuildFile; fileRef = 237018C12123D1AA003641AA /* main.m */; };
/* End PBXBuildFile section */

/* Begin PBXFileReference section */
		237018AF2123D1A7003641AA /* ZGURLSize.app */ = {isa = PBXFileReference; explicitFileType = wrapper.application; includeInIndex = 0; path = ZGURLSize.app; sourceTree = BUILT_PRODUCTS_DIR; };
		237018B22123D1A7003641AA /* AppDelegate.h */ = {isa = PBXFileReference; lastKnownFileType = sourcecode.c.h; path = AppDelegate.h; sourceTree = "<group>"; };
		237018B32123D1A7003641AA /* AppDelegate.m */ = {isa = PBXFileReference; lastKnownFileType = sourcecode.c.objc; path = AppDelegate.m; sourceTree = "<group>"; };
		237018B52123D1A7003641AA /* ViewController.h */ = {isa = PBXFileReference; lastKnownFileType = sourcecode.c.h; path = ViewController.h; sourceTree = "<group>"; };
		237018B62123D1A7003641AA /* ViewController.m */ = {isa = PBXFileReference; lastKnownFileType = sourcecode.c.objc; path = ViewController.m; sourceTree = "<group>"; };
		237018B92123D1A7003641AA /* Base */ = {isa = PBXFileReference; lastKnownFileType = file.storyboard; name = Base; path = Base.lproj/Main.storyboard; sourceTree = "<group>"; };
		237018BB2123D1AA003641AA /* Assets.xcassets */ = {isa = PBXFileReference; lastKnownFileType = folder.assetcatalog; path = Assets.xcassets; sourceTree = "<group>"; };
		237018BE2123D1AA003641AA /* Base */ = {isa = PBXFileReference; lastKnownFileType = file.storyboard; name = Base; path = Base.lproj/LaunchScreen.storyboard; sourceTree = "<group>"; };
		237018C02123D1AA003641AA /* Info.plist */ = {isa = PBXFileReference; lastKnownFileType = text.plist.xml; path = Info.plist; sourceTree = "<group>"; };
		237018C12123D1AA003641AA /* main.m */ = {isa = PBXFileReference; lastKnownFileType = sourcecode.c.objc; path = main.m; sourceTree = "<group>"; };
/* End PBXFileReference section */

/* Begin PBXFrameworksBuildPhase section */
		237018AC2123D1A7003641AA /* Frameworks */ = {
			isa = PBXFrameworksBuildPhase;
			buildActionMask = 2147483647;
			files = (
			);
			runOnlyForDeploymentPostprocessing = 0;
		};
/* End PBXFrameworksBuildPhase section */

/* Begin PBXGroup section */
		237018A62123D1A7003641AA = {
			isa = PBXGroup;
			children = (
				237018B12123D1A7003641AA /* ZGURLSize */,
				237018B02123D1A7003641AA /* Products */,
			);
			sourceTree = "<group>";
		};
		237018B02123D1A7003641AA /* Products */ = {
			isa = PBXGroup;
			children = (
				237018AF2123D1A7003641AA /* ZGURLSize.app */,
			);
			name = Products;
			sourceTree = "<group>";
		};
		237018B12123D1A7003641AA /* ZGURLSize */ = {
			isa = PBXGroup;
			children = (
				237018B22123D1A7003641AA /* AppDelegate.h */,
				237018B32123D1A7003641AA /* AppDelegate.m */,
				237018B52123D1A7003641AA /* ViewController.h */,
				237018B62123D1A7003641AA /* ViewController.m */,
				237018B82123D1A7003641AA /* Main.storyboard */,
				237018BB2123D1AA003641AA /* Assets.xcassets */,
				237018BD2123D1AA003641AA /* LaunchScreen.storyboard */,
				237018C02123D1AA003641AA /* Info.plist */,
				237018C12123D1AA003641AA /* main.m */,
			);
			path = ZGURLSize;
			sourceTree = "<group>";
		};
/* End PBXGroup section */

/* Begin PBXNativeTarget section */
		237018AE2123D1A7003641AA /* ZGURLSize */ = {
			isa = PBXNativeTarget;
			buildConfigurationList = 237018C52123D1AA003641AA /* Build configuration list for PBXNativeTarget "ZGURLSize" */;
			buildPhases = (
				237018AB2123D1A7003641AA /* Sources */,
				237018AC2123D1A7003641AA /* Frameworks */,
				237018AD2123D1A7003641AA /* Resources */,
			);
			buildRules = (
			);
			dependencies = (
			);
			name = ZGURLSize;
			productName = ZGURLSize;
			productReference = 237018AF2123D1A7003641AA /* ZGURLSize.app */;
			productType = "com.apple.product-type.application";
		};
/* End PBXNativeTarget section */

/* Begin PBXProject section */
		237018A72123D1A7003641AA /* Project object */ = {
			isa = PBXProject;
			attributes = {
				LastUpgradeCheck = 0940;
				ORGANIZATIONNAME = cn;
				TargetAttributes = {
					237018AE2123D1A7003641AA = {
						CreatedOnToolsVersion = 9.4.1;
					};
				};
			};
			buildConfigurationList = 237018AA2123D1A7003641AA /* Build configuration list for PBXProject "ZGURLSize" */;
			compatibilityVersion = "Xcode 9.3";
			developmentRegion = en;
			hasScannedForEncodings = 0;
			knownRegions = (
				en,
				Base,
			);
			mainGroup = 237018A62123D1A7003641AA;
			productRefGroup = 237018B02123D1A7003641AA /* Products */;
			projectDirPath = "";
			projectRoot = "";
			targets = (
				237018AE2123D1A7003641AA /* ZGURLSize */,
			);
		};
/* End PBXProject section */

/* Begin PBXResourcesBuildPhase section */
		237018AD2123D1A7003641AA /* Resources */ = {
			isa = PBXResourcesBuildPhase;
			buildActionMask = 2147483647;
			files = (
				237018BF2123D1AA003641AA /* LaunchScreen.storyboard in Resources */,
				237018BC2123D1AA003641AA /* Assets.xcassets in Resources */,
				237018BA2123D1A7003641AA /* Main.storyboard in Resources */,
			);
			runOnlyForDeploymentPostprocessing = 0;
		};
/* End PBXResourcesBuildPhase section */

/* Begin PBXSourcesBuildPhase section */
		237018AB2123D1A7003641AA /* Sources */ = {
			isa = PBXSourcesBuildPhase;
			buildActionMask = 2147483647;
			files = (
				237018B72123D1A7003641AA /* ViewController.m in Sources */,
				237018C22123D1AA003641AA /* main.m in Sources */,
				237018B42123D1A7003641AA /* AppDelegate.m in Sources */,
			);
			runOnlyForDeploymentPostprocessing = 0;
		};
/* End PBXSourcesBuildPhase section */

/* Begin PBXVariantGroup section */
		237018B82123D1A7003641AA /* Main.storyboard */ = {
			isa = PBXVariantGroup;
			children = (
				237018B92123D1A7003641AA /* Base */,
			);
			name = Main.storyboard;
			sourceTree = "<group>";
		};
		237018BD2123D1AA003641AA /* LaunchScreen.storyboard */ = {
			isa = PBXVariantGroup;
			children = (
				237018BE2123D1AA003641AA /* Base */,
			);
			name = LaunchScreen.storyboard;
			sourceTree = "<group>";
		};
/* End PBXVariantGroup section */

/* Begin XCBuildConfiguration section */
		237018C32123D1AA003641AA /* Debug */ = {
			isa = XCBuildConfiguration;
			buildSettings = {
				ALWAYS_SEARCH_USER_PATHS = NO;
				CLANG_ANALYZER_NONNULL = YES;
				CLANG_ANALYZER_NUMBER_OBJECT_CONVERSION = YES_AGGRESSIVE;
				CLANG_CXX_LANGUAGE_STANDARD = "gnu++14";
				CLANG_CXX_LIBRARY = "libc++";
				CLANG_ENABLE_MODULES = YES;
				CLANG_ENABLE_OBJC_ARC = YES;
				CLANG_ENABLE_OBJC_WEAK = YES;
				CLANG_WARN_BLOCK_CAPTURE_AUTORELEASING = YES;
				CLANG_WARN_BOOL_CONVERSION = YES;
				CLANG_WARN_COMMA = YES;
				CLANG_WARN_CONSTANT_CONVERSION = YES;
				CLANG_WARN_DEPRECATED_OBJC_IMPLEMENTATIONS = YES;
				CLANG_WARN_DIRECT_OBJC_ISA_USAGE = YES_ERROR;
				CLANG_WARN_DOCUMENTATION_COMMENTS = YES;
				CLANG_WARN_EMPTY_BODY = YES;
				CLANG_WARN_ENUM_CONVERSION = YES;
				CLANG_WARN_INFINITE_RECURSION = YES;
				CLANG_WARN_INT_CONVERSION = YES;
				CLANG_WARN_NON_LITERAL_NULL_CONVERSION = YES;
				CLANG_WARN_OBJC_IMPLICIT_RETAIN_SELF = YES;
				CLANG_WARN_OBJC_LITERAL_CONVERSION = YES;
				CLANG_WARN_OBJC_ROOT_CLASS = YES_ERROR;
				CLANG_WARN_RANGE_LOOP_ANALYSIS = YES;
				CLANG_WARN_STRICT_PROTOTYPES = YES;
				CLANG_WARN_SUSPICIOUS_MOVE = YES;
				CLANG_WARN_UNGUARDED_AVAILABILITY = YES_AGGRESSIVE;
				CLANG_WARN_UNREACHABLE_CODE = YES;
				CLANG_WARN__DUPLICATE_METHOD_MATCH = YES;
				CODE_SIGN_IDENTITY = "iPhone Developer";
				COPY_PHASE_STRIP = NO;
				DEBUG_INFORMATION_FORMAT = dwarf;
				ENABLE_STRICT_OBJC_MSGSEND = YES;
				ENABLE_TESTABILITY = YES;
				GCC_C_LANGUAGE_STANDARD = gnu11;
				GCC_DYNAMIC_NO_PIC = NO;
				GCC_NO_COMMON_BLOCKS = YES;
				GCC_OPTIMIZATION_LEVEL = 0;
				GCC_PREPROCESSOR_DEFINITIONS = (
					"DEBUG=1",
					"$(inherited)",
				);
				GCC_WARN_64_TO_32_BIT_CONVERSION = YES;
				GCC_WARN_ABOUT_RETURN_TYPE = YES_ERROR;
				GCC_WARN_UNDECLARED_SELECTOR = YES;
				GCC_WARN_UNINITIALIZED_AUTOS = YES_AGGRESSIVE;
				GCC_WARN_UNUSED_FUNCTION = YES;
				GCC_WARN_UNUSED_VARIABLE = YES;
				IPHONEOS_DEPLOYMENT_TARGET = 11.4;
				MTL_ENABLE_DEBUG_INFO = YES;
				ONLY_ACTIVE_ARCH = YES;
				SDKROOT = iphoneos;
			};
			name = Debug;
		};
		237018C42123D1AA003641AA /* Release */ = {
			isa = XCBuildConfiguration;
			buildSettings = {
				ALWAYS_SEARCH_USER_PATHS = NO;
				CLANG_ANALYZER_NONNULL = YES;
				CLANG_ANALYZER_NUMBER_OBJECT_CONVERSION = YES_AGGRESSIVE;
				CLANG_CXX_LANGUAGE_STANDARD = "gnu++14";
				CLANG_CXX_LIBRARY = "libc++";
				CLANG_ENABLE_MODULES = YES;
				CLANG_ENABLE_OBJC_ARC = YES;
				CLANG_ENABLE_OBJC_WEAK = YES;
				CLANG_WARN_BLOCK_CAPTURE_AUTORELEASING = YES;
				CLANG_WARN_BOOL_CONVERSION = YES;
				CLANG_WARN_COMMA = YES;
				CLANG_WARN_CONSTANT_CONVERSION = YES;
				CLANG_WARN_DEPRECATED_OBJC_IMPLEMENTATIONS = YES;
				CLANG_WARN_DIRECT_OBJC_ISA_USAGE = YES_ERROR;
				CLANG_WARN_DOCUMENTATION_COMMENTS = YES;
				CLANG_WARN_EMPTY_BODY = YES;
				CLANG_WARN_ENUM_CONVERSION = YES;
				CLANG_WARN_INFINITE_RECURSION = YES;
				CLANG_WARN_INT_CONVERSION = YES;
				CLANG_WARN_NON_LITERAL_NULL_CONVERSION = YES;
				CLANG_WARN_OBJC_IMPLICIT_RETAIN_SELF = YES;
				CLANG_WARN_OBJC_LITERAL_CONVERSION = YES;
				CLANG_WARN_OBJC_ROOT_CLASS = YES_ERROR;
				CLANG_WARN_RANGE_LOOP_ANALYSIS = YES;
				CLANG_WARN_STRICT_PROTOTYPES = YES;
				CLANG_WARN_SUSPICIOUS_MOVE = YES;
				CLANG_WARN_UNGUARDED_AVAILABILITY = YES_AGGRESSIVE;
				CLANG_WARN_UNREACHABLE_CODE = YES;
				CLANG_WARN__DUPLICATE_METHOD_MATCH = YES;
				CODE_SIGN_IDENTITY = "iPhone Developer";
				COPY_PHASE_STRIP = NO;
				DEBUG_INFORMATION_FORMAT = "dwarf-with-dsym";
				ENABLE_NS_ASSERTIONS = NO;
				ENABLE_STRICT_OBJC_MSGSEND = YES;
				GCC_C_LANGUAGE_STANDARD = gnu11;
				GCC_NO_COMMON_BLOCKS = YES;
				GCC_WARN_64_TO_32_BIT_CONVERSION = YES;
				GCC_WARN_ABOUT_RETURN_TYPE = YES_ERROR;
				GCC_WARN_UNDECLARED_SELECTOR = YES;
				GCC_WARN_UNINITIALIZED_AUTOS = YES_AGGRESSIVE;
				GCC_WARN_UNUSED_FUNCTION = YES;
				GCC_WARN_UNUSED_VARIABLE = YES;
				IPHONEOS_DEPLOYMENT_TARGET = 11.4;
				MTL_ENABLE_DEBUG_INFO = NO;
				SDKROOT = iphoneos;
				VALIDATE_PRODUCT = YES;
			};
			name = Release;
		};
		237018C62123D1AA003641AA /* Debug */ = {
			isa = XCBuildConfiguration;
			buildSettings = {
				ASSETCATALOG_COMPILER_APPICON_NAME = AppIcon;
				CODE_SIGN_STYLE = Automatic;
				INFOPLIST_FILE = ZGURLSize/Info.plist;
				LD_RUNPATH_SEARCH_PATHS = (
					"$(inherited)",
					"@executable_path/Frameworks",
				);
				PRODUCT_BUNDLE_IDENTIFIER = offcn.ZGURLSize;
				PRODUCT_NAME = "$(TARGET_NAME)";
				TARGETED_DEVICE_FAMILY = "1,2";
			};
			name = Debug;
		};
		237018C72123D1AA003641AA /* Release */ = {
			isa = XCBuildConfiguration;
			buildSettings = {
				ASSETCATALOG_COMPILER_APPICON_NAME = AppIcon;
				CODE_SIGN_STYLE = Automatic;
				INFOPLIST_FILE = ZGURLSize/Info.plist;
				LD_RUNPATH_SEARCH_PATHS = (
					"$(inherited)",
					"@executable_path/Frameworks",
				);
				PRODUCT_BUNDLE_IDENTIFIER = offcn.ZGURLSize;
				PRODUCT_NAME = "$(TARGET_NAME)";
				TARGETED_DEVICE_FAMILY = "1,2";
			};
			name = Release;
		};
/* End XCBuildConfiguration section */

/* Begin XCConfigurationList section */
		237018AA2123D1A7003641AA /* Build configuration list for PBXProject "ZGURLSize" */ = {
			isa = XCConfigurationList;
			buildConfigurations = (
				237018C32123D1AA003641AA /* Debug */,
				237018C42123D1AA003641AA /* Release */,
			);
			defaultConfigurationIsVisible = 0;
			defaultConfigurationName = Release;
		};
		237018C52123D1AA003641AA /* Build configuration list for PBXNativeTarget "ZGURLSize" */ = {
			isa = XCConfigurationList;
			buildConfigurations = (
				237018C62123D1AA003641AA /* Debug */,
				237018C72123D1AA003641AA /* Release */,
			);
			defaultConfigurationIsVisible = 0;
			defaultConfigurationName = Release;
		};
/* End XCConfigurationList section */
	};
	rootObject = 237018A72123D1A7003641AA /* Project object */;
}
